
Microsoft Visual Studio Solution File, Format Version 12.00
# Visual Studio Version 17
VisualStudioVersion = 17.13.35828.75 d17.13
MinimumVisualStudioVersion = 10.0.40219.1
Project("{FAE04EC0-301F-11D3-BF4B-00C04F79EFBC}") = "TodoListApp", "TodoListApp\TodoListApp.csproj", "{D3833E36-E441-4BE7-9D76-0825BE79E851}"
EndProject
Global
	GlobalSection(SolutionConfigurationPlatforms) = preSolution
		Debug|Any CPU = Debug|Any CPU
		Release|Any CPU = Release|Any CPU
	EndGlobalSection
	GlobalSection(ProjectConfigurationPlatforms) = postSolution
		{D3833E36-E441-4BE7-9D76-0825BE79E851}.Debug|Any CPU.ActiveCfg = Debug|Any CPU
		{D3833E36-E441-4BE7-9D76-0825BE79E851}.Debug|Any CPU.Build.0 = Debug|Any CPU
		{D3833E36-E441-4BE7-9D76-0825BE79E851}.Release|Any CPU.ActiveCfg = Release|Any CPU
		{D3833E36-E441-4BE7-9D76-0825BE79E851}.Release|Any CPU.Build.0 = Release|Any CPU
	EndGlobalSection
	GlobalSection(SolutionProperties) = preSolution
		HideSolutionNode = FALSE
	EndGlobalSection
	GlobalSection(ExtensibilityGlobals) = postSolution
		SolutionGuid = {9B83A054-8BD1-41B8-8731-B79750184336}
	EndGlobalSection
EndGlobal
